
Microsoft Visual Studio Solution File, Format Version 12.00
# Visual Studio Version 16
VisualStudioVersion = 16.0.29728.190
MinimumVisualStudioVersion = 10.0.40219.1
Project("{FAE04EC0-301F-11D3-BF4B-00C04F79EFBC}") = "Diplom_V4", "Diplom_V4.csproj", "{4AA8218F-866F-46BA-B780-24DB228448E4}"
EndProject
Project("{54435603-DBB4-11D2-8724-00A0C9A8B90C}") = "Установка системы тестирования", "..\Установка системы тестирования\Установка системы тестирования.vdproj", "{43DCEF41-73B7-4FF2-97E3-ADA25EFD979D}"
EndProject
Global
	GlobalSection(SolutionConfigurationPlatforms) = preSolution
		Debug|Any CPU = Debug|Any CPU
		Release|Any CPU = Release|Any CPU
	EndGlobalSection
	GlobalSection(ProjectConfigurationPlatforms) = postSolution
		{4AA8218F-866F-46BA-B780-24DB228448E4}.Debug|Any CPU.ActiveCfg = Debug|Any CPU
		{4AA8218F-866F-46BA-B780-24DB228448E4}.Debug|Any CPU.Build.0 = Debug|Any CPU
		{4AA8218F-866F-46BA-B780-24DB228448E4}.Release|Any CPU.ActiveCfg = Release|Any CPU
		{4AA8218F-866F-46BA-B780-24DB228448E4}.Release|Any CPU.Build.0 = Release|Any CPU
		{43DCEF41-73B7-4FF2-97E3-ADA25EFD979D}.Debug|Any CPU.ActiveCfg = Debug
		{43DCEF41-73B7-4FF2-97E3-ADA25EFD979D}.Release|Any CPU.ActiveCfg = Release
	EndGlobalSection
	GlobalSection(SolutionProperties) = preSolution
		HideSolutionNode = FALSE
	EndGlobalSection
	GlobalSection(ExtensibilityGlobals) = postSolution
		SolutionGuid = {30DFB487-3B30-4792-95F4-706BBB440699}
	EndGlobalSection
EndGlobal
